
Microsoft Visual Studio Solution File, Format Version 12.00
# Visual Studio Version 17
VisualStudioVersion = 17.13.35913.81 d17.13
MinimumVisualStudioVersion = 10.0.40219.1
Project("{FAE04EC0-301F-11D3-BF4B-00C04F79EFBC}") = "BlazorNoticias", "BlazorNoticias\BlazorNoticias.csproj", "{7BB41354-C95D-4263-A180-AB3BCD526B95}"
EndProject
Global
	GlobalSection(SolutionConfigurationPlatforms) = preSolution
		Debug|Any CPU = Debug|Any CPU
		Release|Any CPU = Release|Any CPU
	EndGlobalSection
	GlobalSection(ProjectConfigurationPlatforms) = postSolution
		{7BB41354-C95D-4263-A180-AB3BCD526B95}.Debug|Any CPU.ActiveCfg = Debug|Any CPU
		{7BB41354-C95D-4263-A180-AB3BCD526B95}.Debug|Any CPU.Build.0 = Debug|Any CPU
		{7BB41354-C95D-4263-A180-AB3BCD526B95}.Release|Any CPU.ActiveCfg = Release|Any CPU
		{7BB41354-C95D-4263-A180-AB3BCD526B95}.Release|Any CPU.Build.0 = Release|Any CPU
	EndGlobalSection
	GlobalSection(SolutionProperties) = preSolution
		HideSolutionNode = FALSE
	EndGlobalSection
	GlobalSection(ExtensibilityGlobals) = postSolution
		SolutionGuid = {B9E4E9FF-447A-4DDA-BEDF-E88B77F04123}
	EndGlobalSection
EndGlobal
